
Microsoft Visual Studio Solution File, Format Version 12.00
# Visual Studio Version 16
VisualStudioVersion = 16.0.29123.88
MinimumVisualStudioVersion = 10.0.40219.1
Project("{FAE04EC0-301F-11D3-BF4B-00C04F79EFBC}") = "ConsoleApp2", "ConsoleApp2\ConsoleApp2.csproj", "{798787BC-6A90-41E7-9010-3A25C04915F7}"
EndProject
Global
	GlobalSection(SolutionConfigurationPlatforms) = preSolution
		Debug|Any CPU = Debug|Any CPU
		Release|Any CPU = Release|Any CPU
	EndGlobalSection
	GlobalSection(ProjectConfigurationPlatforms) = postSolution
		{798787BC-6A90-41E7-9010-3A25C04915F7}.Debug|Any CPU.ActiveCfg = Debug|Any CPU
		{798787BC-6A90-41E7-9010-3A25C04915F7}.Debug|Any CPU.Build.0 = Debug|Any CPU
		{798787BC-6A90-41E7-9010-3A25C04915F7}.Release|Any CPU.ActiveCfg = Release|Any CPU
		{798787BC-6A90-41E7-9010-3A25C04915F7}.Release|Any CPU.Build.0 = Release|Any CPU
	EndGlobalSection
	GlobalSection(SolutionProperties) = preSolution
		HideSolutionNode = FALSE
	EndGlobalSection
	GlobalSection(ExtensibilityGlobals) = postSolution
		SolutionGuid = {561C451F-50D1-438D-BE70-3E4E9566EFC6}
	EndGlobalSection
EndGlobal
