
Microsoft Visual Studio Solution File, Format Version 12.00
# Visual Studio Version 16
VisualStudioVersion = 16.0.29123.88
MinimumVisualStudioVersion = 10.0.40219.1
Project("{FAE04EC0-301F-11D3-BF4B-00C04F79EFBC}") = "methodclass", "methodclass\methodclass.csproj", "{272AF3A1-54BB-4B41-BE02-8BDBCF5CABB9}"
EndProject
Global
	GlobalSection(SolutionConfigurationPlatforms) = preSolution
		Debug|Any CPU = Debug|Any CPU
		Release|Any CPU = Release|Any CPU
	EndGlobalSection
	GlobalSection(ProjectConfigurationPlatforms) = postSolution
		{272AF3A1-54BB-4B41-BE02-8BDBCF5CABB9}.Debug|Any CPU.ActiveCfg = Debug|Any CPU
		{272AF3A1-54BB-4B41-BE02-8BDBCF5CABB9}.Debug|Any CPU.Build.0 = Debug|Any CPU
		{272AF3A1-54BB-4B41-BE02-8BDBCF5CABB9}.Release|Any CPU.ActiveCfg = Release|Any CPU
		{272AF3A1-54BB-4B41-BE02-8BDBCF5CABB9}.Release|Any CPU.Build.0 = Release|Any CPU
	EndGlobalSection
	GlobalSection(SolutionProperties) = preSolution
		HideSolutionNode = FALSE
	EndGlobalSection
	GlobalSection(ExtensibilityGlobals) = postSolution
		SolutionGuid = {DBE4125E-95EF-4699-90FC-169668CAB64E}
	EndGlobalSection
EndGlobal
