
Microsoft Visual Studio Solution File, Format Version 12.00
# Visual Studio Version 16
VisualStudioVersion = 16.0.29123.88
MinimumVisualStudioVersion = 10.0.40219.1
Project("{FAE04EC0-301F-11D3-BF4B-00C04F79EFBC}") = "booleancomp", "booleancomp\booleancomp.csproj", "{4D2B34EF-98D8-47E6-B31D-D108C7869928}"
EndProject
Global
	GlobalSection(SolutionConfigurationPlatforms) = preSolution
		Debug|Any CPU = Debug|Any CPU
		Release|Any CPU = Release|Any CPU
	EndGlobalSection
	GlobalSection(ProjectConfigurationPlatforms) = postSolution
		{4D2B34EF-98D8-47E6-B31D-D108C7869928}.Debug|Any CPU.ActiveCfg = Debug|Any CPU
		{4D2B34EF-98D8-47E6-B31D-D108C7869928}.Debug|Any CPU.Build.0 = Debug|Any CPU
		{4D2B34EF-98D8-47E6-B31D-D108C7869928}.Release|Any CPU.ActiveCfg = Release|Any CPU
		{4D2B34EF-98D8-47E6-B31D-D108C7869928}.Release|Any CPU.Build.0 = Release|Any CPU
	EndGlobalSection
	GlobalSection(SolutionProperties) = preSolution
		HideSolutionNode = FALSE
	EndGlobalSection
	GlobalSection(ExtensibilityGlobals) = postSolution
		SolutionGuid = {247DD2D4-D30D-4EAB-903D-EA9C73C9D3D5}
	EndGlobalSection
EndGlobal
